
Microsoft Visual Studio Solution File, Format Version 12.00
# Visual Studio Version 17
VisualStudioVersion = 17.10.35004.147
MinimumVisualStudioVersion = 10.0.40219.1
Project("{FAE04EC0-301F-11D3-BF4B-00C04F79EFBC}") = "MvcRichard1", "MvcRichard\MvcRichard1.csproj", "{6BBBA945-3E3E-4BFB-8CD2-1C7452E57EF0}"
EndProject
Project("{FAE04EC0-301F-11D3-BF4B-00C04F79EFBC}") = "EvolutionWebApi", "EvolutionWebApi\EvolutionWebApi.csproj", "{99EC42B8-585C-4093-AC25-0521DA35DF03}"
EndProject
Project("{FAE04EC0-301F-11D3-BF4B-00C04F79EFBC}") = "WebApiTest", "WebApiTest\WebApiTest.csproj", "{B898C32A-6421-4D39-BB0D-2C09A90472A3}"
EndProject
Global
	GlobalSection(SolutionConfigurationPlatforms) = preSolution
		Debug|Any CPU = Debug|Any CPU
		Debug|ARM = Debug|ARM
		Debug|x64 = Debug|x64
		Debug|x86 = Debug|x86
		Release|Any CPU = Release|Any CPU
		Release|ARM = Release|ARM
		Release|x64 = Release|x64
		Release|x86 = Release|x86
	EndGlobalSection
	GlobalSection(ProjectConfigurationPlatforms) = postSolution
		{6BBBA945-3E3E-4BFB-8CD2-1C7452E57EF0}.Debug|Any CPU.ActiveCfg = Debug|Any CPU
		{6BBBA945-3E3E-4BFB-8CD2-1C7452E57EF0}.Debug|Any CPU.Build.0 = Debug|Any CPU
		{6BBBA945-3E3E-4BFB-8CD2-1C7452E57EF0}.Debug|ARM.ActiveCfg = Debug|Any CPU
		{6BBBA945-3E3E-4BFB-8CD2-1C7452E57EF0}.Debug|x64.ActiveCfg = Debug|Any CPU
		{6BBBA945-3E3E-4BFB-8CD2-1C7452E57EF0}.Debug|x86.ActiveCfg = Debug|Any CPU
		{6BBBA945-3E3E-4BFB-8CD2-1C7452E57EF0}.Release|Any CPU.ActiveCfg = Release|Any CPU
		{6BBBA945-3E3E-4BFB-8CD2-1C7452E57EF0}.Release|Any CPU.Build.0 = Release|Any CPU
		{6BBBA945-3E3E-4BFB-8CD2-1C7452E57EF0}.Release|ARM.ActiveCfg = Release|Any CPU
		{6BBBA945-3E3E-4BFB-8CD2-1C7452E57EF0}.Release|x64.ActiveCfg = Release|Any CPU
		{6BBBA945-3E3E-4BFB-8CD2-1C7452E57EF0}.Release|x86.ActiveCfg = Release|Any CPU
		{99EC42B8-585C-4093-AC25-0521DA35DF03}.Debug|Any CPU.ActiveCfg = Debug|Any CPU
		{99EC42B8-585C-4093-AC25-0521DA35DF03}.Debug|Any CPU.Build.0 = Debug|Any CPU
		{99EC42B8-585C-4093-AC25-0521DA35DF03}.Debug|ARM.ActiveCfg = Debug|Any CPU
		{99EC42B8-585C-4093-AC25-0521DA35DF03}.Debug|ARM.Build.0 = Debug|Any CPU
		{99EC42B8-585C-4093-AC25-0521DA35DF03}.Debug|x64.ActiveCfg = Debug|Any CPU
		{99EC42B8-585C-4093-AC25-0521DA35DF03}.Debug|x64.Build.0 = Debug|Any CPU
		{99EC42B8-585C-4093-AC25-0521DA35DF03}.Debug|x86.ActiveCfg = Debug|Any CPU
		{99EC42B8-585C-4093-AC25-0521DA35DF03}.Debug|x86.Build.0 = Debug|Any CPU
		{99EC42B8-585C-4093-AC25-0521DA35DF03}.Release|Any CPU.ActiveCfg = Release|Any CPU
		{99EC42B8-585C-4093-AC25-0521DA35DF03}.Release|Any CPU.Build.0 = Release|Any CPU
		{99EC42B8-585C-4093-AC25-0521DA35DF03}.Release|ARM.ActiveCfg = Release|Any CPU
		{99EC42B8-585C-4093-AC25-0521DA35DF03}.Release|ARM.Build.0 = Release|Any CPU
		{99EC42B8-585C-4093-AC25-0521DA35DF03}.Release|x64.ActiveCfg = Release|Any CPU
		{99EC42B8-585C-4093-AC25-0521DA35DF03}.Release|x64.Build.0 = Release|Any CPU
		{99EC42B8-585C-4093-AC25-0521DA35DF03}.Release|x86.ActiveCfg = Release|Any CPU
		{99EC42B8-585C-4093-AC25-0521DA35DF03}.Release|x86.Build.0 = Release|Any CPU
		{B898C32A-6421-4D39-BB0D-2C09A90472A3}.Debug|Any CPU.ActiveCfg = Debug|Any CPU
		{B898C32A-6421-4D39-BB0D-2C09A90472A3}.Debug|Any CPU.Build.0 = Debug|Any CPU
		{B898C32A-6421-4D39-BB0D-2C09A90472A3}.Debug|ARM.ActiveCfg = Debug|Any CPU
		{B898C32A-6421-4D39-BB0D-2C09A90472A3}.Debug|ARM.Build.0 = Debug|Any CPU
		{B898C32A-6421-4D39-BB0D-2C09A90472A3}.Debug|x64.ActiveCfg = Debug|Any CPU
		{B898C32A-6421-4D39-BB0D-2C09A90472A3}.Debug|x64.Build.0 = Debug|Any CPU
		{B898C32A-6421-4D39-BB0D-2C09A90472A3}.Debug|x86.ActiveCfg = Debug|Any CPU
		{B898C32A-6421-4D39-BB0D-2C09A90472A3}.Debug|x86.Build.0 = Debug|Any CPU
		{B898C32A-6421-4D39-BB0D-2C09A90472A3}.Release|Any CPU.ActiveCfg = Release|Any CPU
		{B898C32A-6421-4D39-BB0D-2C09A90472A3}.Release|Any CPU.Build.0 = Release|Any CPU
		{B898C32A-6421-4D39-BB0D-2C09A90472A3}.Release|ARM.ActiveCfg = Release|Any CPU
		{B898C32A-6421-4D39-BB0D-2C09A90472A3}.Release|ARM.Build.0 = Release|Any CPU
		{B898C32A-6421-4D39-BB0D-2C09A90472A3}.Release|x64.ActiveCfg = Release|Any CPU
		{B898C32A-6421-4D39-BB0D-2C09A90472A3}.Release|x64.Build.0 = Release|Any CPU
		{B898C32A-6421-4D39-BB0D-2C09A90472A3}.Release|x86.ActiveCfg = Release|Any CPU
		{B898C32A-6421-4D39-BB0D-2C09A90472A3}.Release|x86.Build.0 = Release|Any CPU
	EndGlobalSection
	GlobalSection(SolutionProperties) = preSolution
		HideSolutionNode = FALSE
	EndGlobalSection
	GlobalSection(ExtensibilityGlobals) = postSolution
		SolutionGuid = {FCCB520C-9A47-4F24-9FAB-3FDA0A4E13C5}
	EndGlobalSection
	GlobalSection(SubversionScc) = preSolution
		Svn-Managed = True
		Manager = AnkhSVN - Subversion Support for Visual Studio
	EndGlobalSection
EndGlobal
